
Microsoft Visual Studio Solution File, Format Version 12.00
# Visual Studio Version 16
VisualStudioVersion = 16.0.30204.135
MinimumVisualStudioVersion = 10.0.40219.1
Project("{FAE04EC0-301F-11D3-BF4B-00C04F79EFBC}") = "ConsoleApp", "ConsoleApp.csproj", "{1AC56EA3-3304-44F8-A1A3-032E420818D1}"
EndProject
Global
	GlobalSection(SolutionConfigurationPlatforms) = preSolution
		Debug|Any CPU = Debug|Any CPU
		Release|Any CPU = Release|Any CPU
	EndGlobalSection
	GlobalSection(ProjectConfigurationPlatforms) = postSolution
		{1AC56EA3-3304-44F8-A1A3-032E420818D1}.Debug|Any CPU.ActiveCfg = Debug|Any CPU
		{1AC56EA3-3304-44F8-A1A3-032E420818D1}.Debug|Any CPU.Build.0 = Debug|Any CPU
		{1AC56EA3-3304-44F8-A1A3-032E420818D1}.Release|Any CPU.ActiveCfg = Release|Any CPU
		{1AC56EA3-3304-44F8-A1A3-032E420818D1}.Release|Any CPU.Build.0 = Release|Any CPU
	EndGlobalSection
	GlobalSection(SolutionProperties) = preSolution
		HideSolutionNode = FALSE
	EndGlobalSection
	GlobalSection(ExtensibilityGlobals) = postSolution
		SolutionGuid = {CBFFFC56-8934-425C-A884-8FA874EC7402}
	EndGlobalSection
EndGlobal
