
Microsoft Visual Studio Solution File, Format Version 12.00
# Visual Studio Version 16
VisualStudioVersion = 16.0.30204.135
MinimumVisualStudioVersion = 10.0.40219.1
Project("{9A19103F-16F7-4668-BE54-9A1E7A4F7556}") = "Data", "Data\Data.csproj", "{55AF7254-4C43-492E-8CEA-4155B1288AE5}"
EndProject
Project("{9A19103F-16F7-4668-BE54-9A1E7A4F7556}") = "DataTests", "DataTests\DataTests.csproj", "{DC536079-EA6F-4C7D-8767-26BB5CAA71F7}"
EndProject
Global
	GlobalSection(SolutionConfigurationPlatforms) = preSolution
		Debug|Any CPU = Debug|Any CPU
		Release|Any CPU = Release|Any CPU
	EndGlobalSection
	GlobalSection(ProjectConfigurationPlatforms) = postSolution
		{55AF7254-4C43-492E-8CEA-4155B1288AE5}.Debug|Any CPU.ActiveCfg = Debug|Any CPU
		{55AF7254-4C43-492E-8CEA-4155B1288AE5}.Debug|Any CPU.Build.0 = Debug|Any CPU
		{55AF7254-4C43-492E-8CEA-4155B1288AE5}.Release|Any CPU.ActiveCfg = Release|Any CPU
		{55AF7254-4C43-492E-8CEA-4155B1288AE5}.Release|Any CPU.Build.0 = Release|Any CPU
		{DC536079-EA6F-4C7D-8767-26BB5CAA71F7}.Debug|Any CPU.ActiveCfg = Debug|Any CPU
		{DC536079-EA6F-4C7D-8767-26BB5CAA71F7}.Debug|Any CPU.Build.0 = Debug|Any CPU
		{DC536079-EA6F-4C7D-8767-26BB5CAA71F7}.Release|Any CPU.ActiveCfg = Release|Any CPU
		{DC536079-EA6F-4C7D-8767-26BB5CAA71F7}.Release|Any CPU.Build.0 = Release|Any CPU
	EndGlobalSection
	GlobalSection(SolutionProperties) = preSolution
		HideSolutionNode = FALSE
	EndGlobalSection
	GlobalSection(ExtensibilityGlobals) = postSolution
		SolutionGuid = {16362250-EAAE-4C31-943E-19E4AE36CBA6}
	EndGlobalSection
EndGlobal
